github.com/aymerick/raymond v2.0.2+incompatible h1:VEp3GpgdAnv9B2GFyTvqgcKvY+mfKMjPOA3SbKLtnU0=
github.com/aymerick/raymond v2.0.2+incompatible/go.mod h1:osfaiScAUVup+UC9Nfq76eWqDhXlp+4UYaA8uhTBO6g=
github.com/fsnotify/fsnotify v1.4.7 h1:IXs+QLmnXW2CcXuY+8Mzv/fWEsPGWxqefPtCP5CnV9I=
github.com/fsnotify/fsnotify v1.4.7/go.mod h1:jwhsz4b93w/PPRr/qN1Yymfu8t87LnFCMoQvtojpjFo=
github.com/gorilla/securecookie v1.1.1 h1:miw7JPhV+b/lAHSXz4qd/nN9jRiAFV5FwjeKyCS8BvQ=
github.com/gorilla/securecookie v1.1.1/go.mod h1:ra0sb63/xPlUeL+yeDciTfxMRAA+MP+HVt/4epWDjd4=
github.com/gorilla/sessions v1.2.0 h1:S7P+1Hm5V/AT9cjEcUD5uDaQSX0OE577aCXgoaKpYbQ=
github.com/gorilla/sessions v1.2.0/go.mod h1:dk2InVEVJ0sfLlnXv9EAgkf6ecYs/i80K/zI+bUmuGM=
github.com/karrick/godirwalk v1.14.1 h1:eFeFrvfLc79AXZ5782mZsVx6T41uxVORlddagiORs4E=
github.com/karrick/godirwalk v1.14.1/go.mod h1:H5KPZjojv4lE+QYImBI8xVtrBRgYrIVsaRPx4tDPEn4=
github.com/mattn/go-sqlite3 v2.0.2+incompatible h1:qzw9c2GNT8UFrgWNDhCTqRqYUSmu/Dav/9Z58LGpk7U=
github.com/mattn/go-sqlite3 v2.0.2+incompatible/go.mod h1:FPy6KqzDD04eiIsT53CuJW3U88zkxoIYsOqkbpncsNc=
github.com/mitchellh/go-homedir v1.1.0 h1:lukF9ziXFxDFPkA1vsr5zpc1XuPDn/wFntq5mG+4E0Y=
github.com/mitchellh/go-homedir v1.1.0/go.mod h1:SfyaCUpYCn1Vlf4IUYiD9fPX4A5wJrkLzIz1N1q0pr0=
github.com/nektro/go-util v0.0.0-20200113083455-10f45b271432 h1:snPxtrQ0qts2kgdbVSSKCjQpUQ9RSQaUoQCxL0P2O14=
github.com/nektro/go-util v0.0.0-20200113083455-10f45b271432/go.mod h1:EhkJcpK0SX9LtkqvOHWG9Fpe7LE3kxTM0dMKUp08VnM=
github.com/nektro/go.dbstorage v0.0.0-20200113224108-1e52146161cd h1:oEw6pKOohOs9WBUStZ4Q+oM2OQ5QFdEhKZA8HsBlsQQ=
github.com/nektro/go.dbstorage v0.0.0-20200113224108-1e52146161cd/go.mod h1:8PkaJBrkNn1TsHpOjDLDxOsKXv7QviBBjncs0WgPyO0=
github.com/nektro/go.discord v0.0.0-20190906060420-58630ff220dd h1:e8RgnXPoDTc+Q340LAuZ+OdOe7XPYOXTF5k5CI5daqM=
github.com/nektro/go.discord v0.0.0-20190906060420-58630ff220dd/go.mod h1:5l5KIfJE6AHZkxaYglzzqaR/P4tSIv+UzzR1mrXWQX8=
github.com/nektro/go.etc v0.0.0-20200119220446-27794b39affa h1:G9xDsZOIygSB/XRCGAKhzgSbO99CgT5gzAHdm1Sj+sE=
github.com/nektro/go.etc v0.0.0-20200119220446-27794b39affa/go.mod h1:lZDMgzeJ6eYj8GNcQXfVs2s1KERw00pE2IMVs9XlO+w=
github.com/nektro/go.oauth2 v0.0.0-20191128223438-1fe41d34bd5a h1:tPGU0nq8yDlQsR8BXQl3ztmledLJo/1EoFUqPg/wKWg=
github.com/nektro/go.oauth2 v0.0.0-20191128223438-1fe41d34bd5a/go.mod h1:ywuQRMEuUHKL59OHssh4c0taBA2APYnun7humThPn9o=
github.com/rakyll/statik v0.1.6 h1:uICcfUXpgqtw2VopbIncslhAmE5hwc4g20TEyEENBNs=
github.com/rakyll/statik v0.1.6/go.mod h1:OEi9wJV/fMUAGx1eNjq75DKDsJVuEv1U0oYdX6GX8Zs=
github.com/spf13/pflag v1.0.5 h1:iy+VFUOCP1a+8yFto/drg2CJ5u0yRoB7fZw3DKv/JXA=
github.com/spf13/pflag v1.0.5/go.mod h1:McXfInJRrz4CZXVZOBLb0bTZqETkiAhM9Iw0y3An2Bg=
github.com/valyala/fastjson v1.4.5 h1:uSuLfXk2LzRtzwd3Fy5zGRBe0Vs7zhs11vjdko32xb4=
github.com/valyala/fastjson v1.4.5/go.mod h1:nV6MsjxL2IMJQUoHDIrjEI7oLyeqK6aBD7EFWPsvP8o=
golang.org/x/sys v0.0.0-20200121082415-34d275377bf9 h1:N19i1HjUnR7TF7rMt8O4p3dLvqvmYyzB6ifMFmrbY50=
golang.org/x/sys v0.0.0-20200121082415-34d275377bf9/go.mod h1:h1NjWce9XRLGQEsW7wpKNCjG9DtNlClVuFLEZdDNbEs=
gopkg.in/check.v1 v0.0.0-20161208181325-20d25e280405 h1:yhCVgyC4o1eVCa2tZl7eS0r+SDo693bJlVdllGtEeKM=
gopkg.in/check.v1 v0.0.0-20161208181325-20d25e280405/go.mod h1:Co6ibVJAznAaIkqp8huTwlJQCZ016jof/cbN4VW5Yz0=
gopkg.in/yaml.v2 v2.2.7 h1:VUgggvou5XRW9mHwD/yXxIYSMtY0zoKQf/v226p2nyo=
gopkg.in/yaml.v2 v2.2.7/go.mod h1:hI93XBmqTisBFMUTm0b8Fm+jr3Dg1NNxqwp+5A1VGuI=
