github.com/aymerick/raymond v2.0.2+incompatible h1:VEp3GpgdAnv9B2GFyTvqgcKvY+mfKMjPOA3SbKLtnU0=
github.com/aymerick/raymond v2.0.2+incompatible/go.mod h1:osfaiScAUVup+UC9Nfq76eWqDhXlp+4UYaA8uhTBO6g=
github.com/deckarep/golang-set v1.7.1 h1:SCQV0S6gTtp6itiFrTqI+pfmJ4LN85S1YzhDf9rTHJQ=
github.com/deckarep/golang-set v1.7.1/go.mod h1:93vsz/8Wt4joVM7c2AVqh+YRMiUSc14yDtF28KmMOgQ=
github.com/fsnotify/fsnotify v1.4.7/go.mod h1:jwhsz4b93w/PPRr/qN1Yymfu8t87LnFCMoQvtojpjFo=
github.com/gorilla/securecookie v1.1.1/go.mod h1:ra0sb63/xPlUeL+yeDciTfxMRAA+MP+HVt/4epWDjd4=
github.com/gorilla/sessions v1.2.0/go.mod h1:dk2InVEVJ0sfLlnXv9EAgkf6ecYs/i80K/zI+bUmuGM=
github.com/kr/pretty v0.1.0/go.mod h1:dAy3ld7l9f0ibDNOQOHHMYYIIbhfbHSm3C4ZsoJORNo=
github.com/kr/pty v1.1.1/go.mod h1:pFQYn66WHrOpPYNljwOMqo10TkYh1fy3cYio2l3bCsQ=
github.com/kr/text v0.1.0/go.mod h1:4Jbv+DJW3UT/LiOwJeYQe1efqtUx/iVham/4vfdArNI=
github.com/mattn/go-sqlite3 v2.0.3+incompatible h1:gXHsfypPkaMZrKbD5209QV9jbUTJKjyR5WD3HYQSd+U=
github.com/mattn/go-sqlite3 v2.0.3+incompatible/go.mod h1:FPy6KqzDD04eiIsT53CuJW3U88zkxoIYsOqkbpncsNc=
github.com/mitchellh/go-homedir v1.1.0/go.mod h1:SfyaCUpYCn1Vlf4IUYiD9fPX4A5wJrkLzIz1N1q0pr0=
github.com/nektro/go-util v0.0.0-20200203203911-b451a8e1cfbf h1:wwwOrgOzUPkS9s/u5OJQGOsI95vAeYtIHAovZjBOG8U=
github.com/nektro/go-util v0.0.0-20200203203911-b451a8e1cfbf/go.mod h1:EhkJcpK0SX9LtkqvOHWG9Fpe7LE3kxTM0dMKUp08VnM=
github.com/nektro/go.dbstorage v0.0.0-20200201180446-3764be97e87f h1:valrME/aghVXIgaT0vN+L5GNzDj6EQSvN3yslCYpE+o=
github.com/nektro/go.dbstorage v0.0.0-20200201180446-3764be97e87f/go.mod h1:8PkaJBrkNn1TsHpOjDLDxOsKXv7QviBBjncs0WgPyO0=
github.com/nektro/go.discord v0.0.0-20190906060420-58630ff220dd h1:e8RgnXPoDTc+Q340LAuZ+OdOe7XPYOXTF5k5CI5daqM=
github.com/nektro/go.discord v0.0.0-20190906060420-58630ff220dd/go.mod h1:5l5KIfJE6AHZkxaYglzzqaR/P4tSIv+UzzR1mrXWQX8=
github.com/nektro/go.etc v0.0.0-20200210225604-b3480a899bc9 h1:oKuIWVFJTZVF8xUk3M+kBGwQweExT+MFJsOcgH5ysbg=
github.com/nektro/go.etc v0.0.0-20200210225604-b3480a899bc9/go.mod h1:lZDMgzeJ6eYj8GNcQXfVs2s1KERw00pE2IMVs9XlO+w=
github.com/nektro/go.oauth2 v0.0.0-20200205230230-e1305815f351 h1:w7KF4xNKQcGnJkMotZ+KG3/KaxhcUHHGUyp7lcfoJ00=
github.com/nektro/go.oauth2 v0.0.0-20200205230230-e1305815f351/go.mod h1:ywuQRMEuUHKL59OHssh4c0taBA2APYnun7humThPn9o=
github.com/rakyll/statik v0.1.6 h1:uICcfUXpgqtw2VopbIncslhAmE5hwc4g20TEyEENBNs=
github.com/rakyll/statik v0.1.6/go.mod h1:OEi9wJV/fMUAGx1eNjq75DKDsJVuEv1U0oYdX6GX8Zs=
github.com/spf13/pflag v1.0.5/go.mod h1:McXfInJRrz4CZXVZOBLb0bTZqETkiAhM9Iw0y3An2Bg=
github.com/valyala/fastjson v1.4.5 h1:uSuLfXk2LzRtzwd3Fy5zGRBe0Vs7zhs11vjdko32xb4=
github.com/valyala/fastjson v1.4.5/go.mod h1:nV6MsjxL2IMJQUoHDIrjEI7oLyeqK6aBD7EFWPsvP8o=
golang.org/x/sys v0.0.0-20200202164722-d101bd2416d5 h1:LfCXLvNmTYH9kEmVgqbnsWfruoXZIrh4YBgqVHtDvw0=
golang.org/x/sys v0.0.0-20200202164722-d101bd2416d5/go.mod h1:h1NjWce9XRLGQEsW7wpKNCjG9DtNlClVuFLEZdDNbEs=
gopkg.in/check.v1 v0.0.0-20161208181325-20d25e280405/go.mod h1:Co6ibVJAznAaIkqp8huTwlJQCZ016jof/cbN4VW5Yz0=
gopkg.in/check.v1 v1.0.0-20180628173108-788fd7840127/go.mod h1:Co6ibVJAznAaIkqp8huTwlJQCZ016jof/cbN4VW5Yz0=
gopkg.in/yaml.v2 v2.2.8 h1:obN1ZagJSUGI0Ek/LBmuj4SNLPfIny3KsKFopxRdj10=
gopkg.in/yaml.v2 v2.2.8/go.mod h1:hI93XBmqTisBFMUTm0b8Fm+jr3Dg1NNxqwp+5A1VGuI=
